github.com/go-chi/chi/v5 v5.1.0 h1:acVI1TYaD+hhedDJ3r54HyA6sExp3HfXq7QWEEY/xMw=
github.com/go-chi/chi/v5 v5.1.0/go.mod h1:DslCQbL2OYiznFReuXYUmQ2hGd1aDpCnlMNITLSKoi8=
github.com/golang-jwt/jwt/v5 v5.3.1 h1:kYf81DTWFe7t+1VvL7eS+jKFVWaUnK9cB1qbwn63YCY=
github.com/golang-jwt/jwt/v5 v5.3.1/go.mod h1:fxCRLWMO43lRc8nhHWY6LGqRcf+1gQWArsqaEUEa5bE=
github.com/togo-framework/auth v0.8.0 h1:wpbR6x50gbvZZ3pcZYOripRxs+yO2vHqycH3MpqHA6c=
github.com/togo-framework/auth v0.8.0/go.mod h1:dPa8CdFlMGggb/PSHlhhqJvEqBelgf36t+qP/vkq2vQ=
github.com/togo-framework/orm v0.1.0 h1:ip3QCIMv0VSsUIqAXdrayqJvK+eAyF/DPZy5sZKjNJk=
github.com/togo-framework/orm v0.1.0/go.mod h1:1Z207HME5xC5PX3NqJjOPRiOTqsgW9q8YrqVCjJCTOc=
github.com/togo-framework/togo v0.19.0 h1:N7R392wjYq9O1VI1ozIeHaL7vPgCLWnb/K2eFPVhL1w=
github.com/togo-framework/togo v0.19.0/go.mod h1:/ybNefL1VWo0Pod32+YwW7ZgyInyXzOq3jGPBjUJYtc=
golang.org/x/crypto v0.27.0 h1:GXm2NjJrPaiv/h1tb2UH8QfgC/hOf/+z0p6PT8o1w7A=
golang.org/x/crypto v0.27.0/go.mod h1:1Xngt8kV6Dvbssa53Ziq6Eqn0HqbZi5Z6R0ZpwQzt70=
